
Microsoft Visual Studio Solution File, Format Version 12.00
# Visual Studio 15
Project("{D954291E-2A0B-460D-934E-DC6B0785DB48}") = "BiasAndGeneralizationBlog", "BiasAndGeneralizationBlog\BiasAndGeneralizationBlog.shproj", "{0CCF2741-83BA-49A6-8856-8A6DC626D5F7}"
EndProject
Global
	GlobalSection(SolutionConfigurationPlatforms) = preSolution
	EndGlobalSection
	GlobalSection(ProjectConfigurationPlatforms) = postSolution
	EndGlobalSection
EndGlobal
